
Microsoft Visual Studio Solution File, Format Version 12.00
# Visual Studio Version 17
VisualStudioVersion = 17.0.31710.8
MinimumVisualStudioVersion = 10.0.40219.1
Project("{2150E333-8FDC-42A3-9474-1A3956D46DE8}") = "Solution Items", "Solution Items", "{11D3B029-067B-4F71-B111-C2F05C68D02F}"
	ProjectSection(SolutionItems) = preProject
		..\.editorconfig = ..\.editorconfig
		..\README.md = ..\README.md
		..\nuget\readme.txt = ..\nuget\readme.txt
	EndProjectSection
EndProject
Project("{9A19103F-16F7-4668-BE54-9A1E7A4F7556}") = "Plugin.Maui.CurrentActivity", "Plugin.Maui.CurrentActivity\Plugin.Maui.CurrentActivity.csproj", "{4ABE196B-6ABA-4E71-BB09-EDC284F25F33}"
EndProject
Project("{FAE04EC0-301F-11D3-BF4B-00C04F79EFBC}") = "Plugin.Maui.CurrentActivity.Test", "Plugin.Maui.CurrentActivity.Test\Plugin.Maui.CurrentActivity.Test.csproj", "{18E50590-3C1F-400A-A54F-E129FC855725}"
EndProject
Global
	GlobalSection(SolutionConfigurationPlatforms) = preSolution
		Debug|Any CPU = Debug|Any CPU
		Release|Any CPU = Release|Any CPU
	EndGlobalSection
	GlobalSection(ProjectConfigurationPlatforms) = postSolution
		{4ABE196B-6ABA-4E71-BB09-EDC284F25F33}.Debug|Any CPU.ActiveCfg = Debug|Any CPU
		{4ABE196B-6ABA-4E71-BB09-EDC284F25F33}.Debug|Any CPU.Build.0 = Debug|Any CPU
		{4ABE196B-6ABA-4E71-BB09-EDC284F25F33}.Release|Any CPU.ActiveCfg = Release|Any CPU
		{4ABE196B-6ABA-4E71-BB09-EDC284F25F33}.Release|Any CPU.Build.0 = Release|Any CPU
		{18E50590-3C1F-400A-A54F-E129FC855725}.Debug|Any CPU.ActiveCfg = Debug|Any CPU
		{18E50590-3C1F-400A-A54F-E129FC855725}.Debug|Any CPU.Build.0 = Debug|Any CPU
		{18E50590-3C1F-400A-A54F-E129FC855725}.Debug|Any CPU.Deploy.0 = Debug|Any CPU
		{18E50590-3C1F-400A-A54F-E129FC855725}.Release|Any CPU.ActiveCfg = Release|Any CPU
		{18E50590-3C1F-400A-A54F-E129FC855725}.Release|Any CPU.Build.0 = Release|Any CPU
		{18E50590-3C1F-400A-A54F-E129FC855725}.Release|Any CPU.Deploy.0 = Release|Any CPU
	EndGlobalSection
	GlobalSection(SolutionProperties) = preSolution
		HideSolutionNode = FALSE
	EndGlobalSection
	GlobalSection(ExtensibilityGlobals) = postSolution
		SolutionGuid = {DBC0035D-6629-470A-B705-CFFB6365ADB9}
	EndGlobalSection
EndGlobal
